{
  "lockfileVersion": 1,
  "configVersion": 1,
  "workspaces": {
    "": {
      "name": "skills-monorepo",
      "devDependencies": {
        "turbo": "latest",
      },
    },
    "packages/cli": {
      "name": "@skills/cli",
      "version": "0.1.0",
      "bin": {
        "claude-skills": "./dist/index.js",
      },
      "dependencies": {
        "commander": "^12.0.0",
      },
      "devDependencies": {
        "@types/node": "^22.0.0",
        "typescript": "^5.0.0",
      },
    },
    "skills": {
      "name": "@skills/skills",
      "version": "0.0.1",
    },
  },
  "packages": {
    "@skills/cli": ["@skills/cli@workspace:packages/cli"],

    "@skills/skills": ["@skills/skills@workspace:skills"],

    "@turbo/darwin-64": ["@turbo/darwin-64@2.8.20", "", { "os": "darwin", "cpu": "x64" }, "sha512-FQ9EX1xMU5nbwjxXxM3yU88AQQ6Sqc6S44exPRroMcx9XZHqqppl5ymJF0Ig/z3nvQNwDmz1Gsnvxubo+nXWjQ=="],

    "@turbo/darwin-arm64": ["@turbo/darwin-arm64@2.8.20", "", { "os": "darwin", "cpu": "arm64" }, "sha512-Gpyh9ATFGThD6/s9L95YWY54cizg/VRWl2B67h0yofG8BpHf67DFAh9nuJVKG7bY0+SBJDAo5cMur+wOl9YOYw=="],

    "@turbo/linux-64": ["@turbo/linux-64@2.8.20", "", { "os": "linux", "cpu": "x64" }, "sha512-p2QxWUYyYUgUFG0b0kR+pPi8t7c9uaVlRtjTTI1AbCvVqkpjUfCcReBn6DgG/Hu8xrWdKLuyQFaLYFzQskZbcA=="],

    "@turbo/linux-arm64": ["@turbo/linux-arm64@2.8.20", "", { "os": "linux", "cpu": "arm64" }, "sha512-Gn5yjlZGLRZWarLWqdQzv0wMqyBNIdq1QLi48F1oY5Lo9kiohuf7BPQWtWxeNVS2NgJ1+nb/DzK1JduYC4AWOA=="],

    "@turbo/windows-64": ["@turbo/windows-64@2.8.20", "", { "os": "win32", "cpu": "x64" }, "sha512-vyaDpYk/8T6Qz5V/X+ihKvKFEZFUoC0oxYpC1sZanK6gaESJlmV3cMRT3Qhcg4D2VxvtC2Jjs9IRkrZGL+exLw=="],

    "@turbo/windows-arm64": ["@turbo/windows-arm64@2.8.20", "", { "os": "win32", "cpu": "arm64" }, "sha512-voicVULvUV5yaGXo0Iue13BcHGYW3u0VgqSbfQwBaHbpj1zLjYV4KIe+7fYIo6DO8FVUJzxFps3ODCQG/Wy2Qw=="],

    "@types/node": ["@types/node@22.19.15", "", { "dependencies": { "undici-types": "~6.21.0" } }, "sha512-F0R/h2+dsy5wJAUe3tAU6oqa2qbWY5TpNfL/RGmo1y38hiyO1w3x2jPtt76wmuaJI4DQnOBu21cNXQ2STIUUWg=="],

    "commander": ["commander@12.1.0", "", {}, "sha512-Vw8qHK3bZM9y/P10u3Vib8o/DdkvA2OtPtZvD871QKjy74Wj1WSKFILMPRPSdUSx5RFK1arlJzEtA4PkFgnbuA=="],

    "turbo": ["turbo@2.8.20", "", { "optionalDependencies": { "@turbo/darwin-64": "2.8.20", "@turbo/darwin-arm64": "2.8.20", "@turbo/linux-64": "2.8.20", "@turbo/linux-arm64": "2.8.20", "@turbo/windows-64": "2.8.20", "@turbo/windows-arm64": "2.8.20" }, "bin": { "turbo": "bin/turbo" } }, "sha512-Rb4qk5YT8RUwwdXtkLpkVhNEe/lor6+WV7S5tTlLpxSz6MjV5Qi8jGNn4gS6NAvrYGA/rNrE6YUQM85sCZUDbQ=="],

    "typescript": ["typescript@5.9.3", "", { "bin": { "tsc": "bin/tsc", "tsserver": "bin/tsserver" } }, "sha512-jl1vZzPDinLr9eUt3J/t7V6FgNEw9QjvBPdysz9KfQDD41fQrC2Y4vKQdiaUpFT4bXlb1RHhLpp8wtm6M5TgSw=="],

    "undici-types": ["undici-types@6.21.0", "", {}, "sha512-iwDZqg0QAGrg9Rav5H4n0M64c3mkR59cJ6wQp+7C4nI0gsmExaedaYLNO44eT4AtBBwjbTiGPMlt2Md0T9H9JQ=="],
  }
}
